{
  "name": "pubg.js",
  "version": "1.0.0",
  "lockfileVersion": 1,
  "requires": true,
  "dependencies": {
    "snekfetch": {
      "version": "3.4.1",
      "resolved": "https://registry.npmjs.org/snekfetch/-/snekfetch-3.4.1.tgz",
      "integrity": "sha512-ppqtuBqooppniWCqY+UU4s0+j9Nbp4KWnr7aieaT9Ks6w/DfnrDoGves2snJnHcnCgGrhDZI9PXIkAI49VzzWw=="
    }
  }
}
